
Microsoft Visual Studio Solution File, Format Version 12.00
# Visual Studio 14
VisualStudioVersion = 14.0.25420.1
MinimumVisualStudioVersion = 10.0.40219.1
Project("{FAE04EC0-301F-11D3-BF4B-00C04F79EFBC}") = "WorkoutTrackerApp", "WorkoutTrackerApp.csproj", "{BD6F43C7-8A08-4EC5-9FED-93FACB6BE3EF}"
EndProject
Project("{FAE04EC0-301F-11D3-BF4B-00C04F79EFBC}") = "WorkoutTrackerAppTests", "..\WorkoutTrackerAppTests\WorkoutTrackerAppTests.csproj", "{40AD470C-E480-4FFD-84A2-54B8587AC958}"
EndProject
Project("{00D1A9C2-B5F0-4AF3-8072-F6C62B433612}") = "WorkoutTrackerDatabase", "..\WorkoutTrackerDatabase\WorkoutTrackerDatabase.sqlproj", "{28E04F89-F0D5-4ECC-A918-B35227F6F837}"
EndProject
Project("{FAE04EC0-301F-11D3-BF4B-00C04F79EFBC}") = "WorkoutTrackerApp.Logic", "..\WorkoutTrackerApp.Logic\WorkoutTrackerApp.Logic.csproj", "{943938F7-4446-4B9F-8C0F-42983BB0C061}"
EndProject
Global
	GlobalSection(SolutionConfigurationPlatforms) = preSolution
		Debug|Any CPU = Debug|Any CPU
		Release|Any CPU = Release|Any CPU
	EndGlobalSection
	GlobalSection(ProjectConfigurationPlatforms) = postSolution
		{BD6F43C7-8A08-4EC5-9FED-93FACB6BE3EF}.Debug|Any CPU.ActiveCfg = Debug|Any CPU
		{BD6F43C7-8A08-4EC5-9FED-93FACB6BE3EF}.Debug|Any CPU.Build.0 = Debug|Any CPU
		{BD6F43C7-8A08-4EC5-9FED-93FACB6BE3EF}.Release|Any CPU.ActiveCfg = Release|Any CPU
		{BD6F43C7-8A08-4EC5-9FED-93FACB6BE3EF}.Release|Any CPU.Build.0 = Release|Any CPU
		{40AD470C-E480-4FFD-84A2-54B8587AC958}.Debug|Any CPU.ActiveCfg = Debug|Any CPU
		{40AD470C-E480-4FFD-84A2-54B8587AC958}.Debug|Any CPU.Build.0 = Debug|Any CPU
		{40AD470C-E480-4FFD-84A2-54B8587AC958}.Release|Any CPU.ActiveCfg = Release|Any CPU
		{40AD470C-E480-4FFD-84A2-54B8587AC958}.Release|Any CPU.Build.0 = Release|Any CPU
		{28E04F89-F0D5-4ECC-A918-B35227F6F837}.Debug|Any CPU.ActiveCfg = Debug|Any CPU
		{28E04F89-F0D5-4ECC-A918-B35227F6F837}.Debug|Any CPU.Build.0 = Debug|Any CPU
		{28E04F89-F0D5-4ECC-A918-B35227F6F837}.Debug|Any CPU.Deploy.0 = Debug|Any CPU
		{28E04F89-F0D5-4ECC-A918-B35227F6F837}.Release|Any CPU.ActiveCfg = Release|Any CPU
		{28E04F89-F0D5-4ECC-A918-B35227F6F837}.Release|Any CPU.Build.0 = Release|Any CPU
		{28E04F89-F0D5-4ECC-A918-B35227F6F837}.Release|Any CPU.Deploy.0 = Release|Any CPU
		{943938F7-4446-4B9F-8C0F-42983BB0C061}.Debug|Any CPU.ActiveCfg = Debug|Any CPU
		{943938F7-4446-4B9F-8C0F-42983BB0C061}.Debug|Any CPU.Build.0 = Debug|Any CPU
		{943938F7-4446-4B9F-8C0F-42983BB0C061}.Release|Any CPU.ActiveCfg = Release|Any CPU
		{943938F7-4446-4B9F-8C0F-42983BB0C061}.Release|Any CPU.Build.0 = Release|Any CPU
	EndGlobalSection
	GlobalSection(SolutionProperties) = preSolution
		HideSolutionNode = FALSE
	EndGlobalSection
EndGlobal
